
Microsoft Visual Studio Solution File, Format Version 12.00
Project("{FAE04EC0-301F-11D3-BF4B-00C04F79EFBC}") = "CrossPlatformMkr1", "CrossPlatformMkr1\CrossPlatformMkr1.csproj", "{3645A95B-7BC5-4DBF-BE3D-B7FDB24789F3}"
EndProject
Project("{FAE04EC0-301F-11D3-BF4B-00C04F79EFBC}") = "CrossPlatformMkr1.Tests", "CrossPlatformMkr1.Tests\CrossPlatformMkr1.Tests.csproj", "{1E86DF0D-E345-40C7-A50A-77C33937C48B}"
EndProject
Global
	GlobalSection(SolutionConfigurationPlatforms) = preSolution
		Debug|Any CPU = Debug|Any CPU
		Release|Any CPU = Release|Any CPU
	EndGlobalSection
	GlobalSection(ProjectConfigurationPlatforms) = postSolution
		{3645A95B-7BC5-4DBF-BE3D-B7FDB24789F3}.Debug|Any CPU.ActiveCfg = Debug|Any CPU
		{3645A95B-7BC5-4DBF-BE3D-B7FDB24789F3}.Debug|Any CPU.Build.0 = Debug|Any CPU
		{3645A95B-7BC5-4DBF-BE3D-B7FDB24789F3}.Release|Any CPU.ActiveCfg = Release|Any CPU
		{3645A95B-7BC5-4DBF-BE3D-B7FDB24789F3}.Release|Any CPU.Build.0 = Release|Any CPU
		{1E86DF0D-E345-40C7-A50A-77C33937C48B}.Debug|Any CPU.ActiveCfg = Debug|Any CPU
		{1E86DF0D-E345-40C7-A50A-77C33937C48B}.Debug|Any CPU.Build.0 = Debug|Any CPU
		{1E86DF0D-E345-40C7-A50A-77C33937C48B}.Release|Any CPU.ActiveCfg = Release|Any CPU
		{1E86DF0D-E345-40C7-A50A-77C33937C48B}.Release|Any CPU.Build.0 = Release|Any CPU
	EndGlobalSection
EndGlobal
